
Microsoft Visual Studio Solution File, Format Version 12.00
# Visual Studio Version 17
VisualStudioVersion = 17.14.36301.6 d17.14
MinimumVisualStudioVersion = 10.0.40219.1
Project("{FAE04EC0-301F-11D3-BF4B-00C04F79EFBC}") = "WebApplicationG", "WebApplicationG\WebApplicationG.csproj", "{5A0BB0BE-746A-458D-B363-C3C7E941F8FE}"
EndProject
Global
	GlobalSection(SolutionConfigurationPlatforms) = preSolution
		Debug|Any CPU = Debug|Any CPU
		Release|Any CPU = Release|Any CPU
	EndGlobalSection
	GlobalSection(ProjectConfigurationPlatforms) = postSolution
		{5A0BB0BE-746A-458D-B363-C3C7E941F8FE}.Debug|Any CPU.ActiveCfg = Debug|Any CPU
		{5A0BB0BE-746A-458D-B363-C3C7E941F8FE}.Debug|Any CPU.Build.0 = Debug|Any CPU
		{5A0BB0BE-746A-458D-B363-C3C7E941F8FE}.Release|Any CPU.ActiveCfg = Release|Any CPU
		{5A0BB0BE-746A-458D-B363-C3C7E941F8FE}.Release|Any CPU.Build.0 = Release|Any CPU
	EndGlobalSection
	GlobalSection(SolutionProperties) = preSolution
		HideSolutionNode = FALSE
	EndGlobalSection
	GlobalSection(ExtensibilityGlobals) = postSolution
		SolutionGuid = {E5B496C0-E56E-49E8-8E3D-999FCE44A9D1}
	EndGlobalSection
EndGlobal
